{
  "version": 4,
  "terraform_version": "1.14.3",
  "serial": 14,
  "lineage": "59fbf80c-6ec7-6e14-3429-e19c11cb37ae",
  "outputs": {},
  "resources": [
    {
      "mode": "managed",
      "type": "aws_instance",
      "name": "ec2_instance",
      "provider": "provider[\"registry.terraform.io/hashicorp/aws\"]",
      "instances": [
        {
          "schema_version": 2,
          "attributes": {
            "ami": "ami-02b8269d5e85954ef",
            "arn": "arn:aws:ec2:ap-south-1:597441489612:instance/i-033bc96efef702b3d",
            "associate_public_ip_address": true,
            "availability_zone": "ap-south-1b",
            "capacity_reservation_specification": [
              {
                "capacity_reservation_preference": "open",
                "capacity_reservation_target": []
              }
            ],
            "cpu_options": [
              {
                "amd_sev_snp": "",
                "core_count": 1,
                "threads_per_core": 1
              }
            ],
            "credit_specification": [
              {
                "cpu_credits": "standard"
              }
            ],
            "disable_api_stop": false,
            "disable_api_termination": false,
            "ebs_block_device": [],
            "ebs_optimized": false,
            "enable_primary_ipv6": null,
            "enclave_options": [
              {
                "enabled": false
              }
            ],
            "ephemeral_block_device": [],
            "force_destroy": false,
            "get_password_data": false,
            "hibernation": false,
            "host_id": "",
            "host_resource_group_arn": null,
            "iam_instance_profile": "",
            "id": "i-033bc96efef702b3d",
            "instance_initiated_shutdown_behavior": "stop",
            "instance_lifecycle": "",
            "instance_market_options": [],
            "instance_state": "running",
            "instance_type": "t2.micro",
            "ipv6_address_count": 0,
            "ipv6_addresses": [],
            "key_name": "shan-key",
            "launch_template": [],
            "maintenance_options": [
              {
                "auto_recovery": "default"
              }
            ],
            "metadata_options": [
              {
                "http_endpoint": "enabled",
                "http_protocol_ipv6": "disabled",
                "http_put_response_hop_limit": 2,
                "http_tokens": "required",
                "instance_metadata_tags": "disabled"
              }
            ],
            "monitoring": false,
            "network_interface": [],
            "outpost_arn": "",
            "password_data": "",
            "placement_group": "",
            "placement_group_id": "",
            "placement_partition_number": 0,
            "primary_network_interface": [
              {
                "delete_on_termination": true,
                "network_interface_id": "eni-0160b63f7de944259"
              }
            ],
            "primary_network_interface_id": "eni-0160b63f7de944259",
            "private_dns": "ip-172-31-13-38.ap-south-1.compute.internal",
            "private_dns_name_options": [
              {
                "enable_resource_name_dns_a_record": false,
                "enable_resource_name_dns_aaaa_record": false,
                "hostname_type": "ip-name"
              }
            ],
            "private_ip": "172.31.13.38",
            "public_dns": "ec2-65-2-80-226.ap-south-1.compute.amazonaws.com",
            "public_ip": "65.2.80.226",
            "region": "ap-south-1",
            "root_block_device": [
              {
                "delete_on_termination": true,
                "device_name": "/dev/sda1",
                "encrypted": false,
                "iops": 3000,
                "kms_key_id": "",
                "tags": {},
                "tags_all": {},
                "throughput": 125,
                "volume_id": "vol-06bfee134bba1e721",
                "volume_size": 8,
                "volume_type": "gp3"
              }
            ],
            "secondary_private_ips": [],
            "security_groups": [
              "default"
            ],
            "source_dest_check": true,
            "spot_instance_request_id": "",
            "subnet_id": "subnet-0b5bb8a0b6038edfd",
            "tags": {
              "Name": "shan-ubuntu"
            },
            "tags_all": {
              "Name": "shan-ubuntu"
            },
            "tenancy": "default",
            "timeouts": null,
            "user_data": null,
            "user_data_base64": null,
            "user_data_replace_on_change": false,
            "volume_tags": null,
            "vpc_security_group_ids": [
              "sg-0e3a014462908155b"
            ]
          },
          "sensitive_attributes": [],
          "identity_schema_version": 0,
          "identity": {
            "account_id": "597441489612",
            "id": "i-033bc96efef702b3d",
            "region": "ap-south-1"
          },
          "private": "eyJlMmJmYjczMC1lY2FhLTExZTYtOGY4OC0zNDM2M2JjN2M0YzAiOnsiY3JlYXRlIjo2MDAwMDAwMDAwMDAsImRlbGV0ZSI6MTIwMDAwMDAwMDAwMCwicmVhZCI6OTAwMDAwMDAwMDAwLCJ1cGRhdGUiOjYwMDAwMDAwMDAwMH0sInNjaGVtYV92ZXJzaW9uIjoiMiJ9"
        }
      ]
    },
    {
      "mode": "managed",
      "type": "aws_key_pair",
      "name": "shan",
      "provider": "provider[\"registry.terraform.io/hashicorp/aws\"]",
      "instances": [
        {
          "schema_version": 1,
          "attributes": {
            "arn": "arn:aws:ec2:ap-south-1:597441489612:key-pair/shan-key",
            "fingerprint": "a2:31:28:66:7d:13:81:f1:60:de:4e:ab:39:4d:ca:33",
            "id": "shan-key",
            "key_name": "shan-key",
            "key_name_prefix": "",
            "key_pair_id": "key-05ed6deca0cc001e2",
            "key_type": "rsa",
            "public_key": "ssh-rsa AAAAB3NzaC1yc2EAAAADAQABAAACAQDLE1TJhzo1JFbz041fe4lroPRJ6WNIbzsscH3QZX/+JFEEt6DBYQ384hrfx2i3HsJcWedH8VDe36WcO101YAhGH9zY+2U9tNDGluX5s/xYHXLWjhByXv73tsGpgEQMDrdwWpiDSWGBt5xysB2BXVj+ALrVP0FVS9nZz0X452LJlZoCzGrnQDLI8pvYwhS/NhT4SAqpNo/KXc86E1HuvD9xGTnx4k0SdyjcwCVJ1pGDyw8aAp/75/SDKWaf7K9+ERWDEtZbSIP/ZpYUUcbEQT1Sl/uoelIUJbRYWXFGIzvx5/tByzYnhKi/Xd5F95e18wW7OLFi7MMhkbTHjmxlv+T9UIFAQExBQ2GEA5rxBxUa+melxWXnf5U0XFSzeg8QBCjTuKBxRTt5xMzoqaLg1iHs3TrAwq19aOmf+KV7ZCwFuv9lfifqOMUfuf3FDQ3WfOP9GX2sNx34K9hUdsP1yJBWBhf2O1mtoOOJ5vJvYM3Oh72mjy3FVA+8qVAcje75YXlpwY0pXH69NV8HuzPBuwniR6sndCFMDIqIGxXRFI7KiIX7QSwvNVrzs3svpyXhYXcdBL0EUg25dM/diL93tGByUMrGJjKmUEhgsdX6wPy+DxhRhZ1ZFTcKklU9FSv3hdaQ0vTDa6TmINewyxBR9m2zBIwzleZN6ZIsRm4h3UPJZw== terraform-ec2",
            "region": "ap-south-1",
            "tags": null,
            "tags_all": {}
          },
          "sensitive_attributes": [],
          "identity_schema_version": 0,
          "private": "eyJzY2hlbWFfdmVyc2lvbiI6IjEifQ=="
        }
      ]
    },
    {
      "mode": "managed",
      "type": "aws_s3_bucket",
      "name": "demo_bucket",
      "provider": "provider[\"registry.terraform.io/hashicorp/aws\"]",
      "instances": [
        {
          "schema_version": 0,
          "attributes": {
            "acceleration_status": "",
            "acl": null,
            "arn": "arn:aws:s3:::shanthosh-bucket10",
            "bucket": "shanthosh-bucket10",
            "bucket_domain_name": "shanthosh-bucket10.s3.amazonaws.com",
            "bucket_prefix": "",
            "bucket_region": "ap-south-1",
            "bucket_regional_domain_name": "shanthosh-bucket10.s3.ap-south-1.amazonaws.com",
            "cors_rule": [],
            "force_destroy": false,
            "grant": [
              {
                "id": "1d54c23734f64f4f9ff9306a6b89981004cd721e4d1feb0cda632a2887343d7c",
                "permissions": [
                  "FULL_CONTROL"
                ],
                "type": "CanonicalUser",
                "uri": ""
              }
            ],
            "hosted_zone_id": "Z11RGJOFQNVJUP",
            "id": "shanthosh-bucket10",
            "lifecycle_rule": [],
            "logging": [],
            "object_lock_configuration": [],
            "object_lock_enabled": false,
            "policy": "",
            "region": "ap-south-1",
            "replication_configuration": [],
            "request_payer": "BucketOwner",
            "server_side_encryption_configuration": [
              {
                "rule": [
                  {
                    "apply_server_side_encryption_by_default": [
                      {
                        "kms_master_key_id": "",
                        "sse_algorithm": "AES256"
                      }
                    ],
                    "bucket_key_enabled": false
                  }
                ]
              }
            ],
            "tags": {
              "Name": "TerraformDemo"
            },
            "tags_all": {
              "Name": "TerraformDemo"
            },
            "timeouts": null,
            "versioning": [
              {
                "enabled": false,
                "mfa_delete": false
              }
            ],
            "website": [],
            "website_domain": null,
            "website_endpoint": null
          },
          "sensitive_attributes": [],
          "identity_schema_version": 0,
          "identity": {
            "account_id": "597441489612",
            "bucket": "shanthosh-bucket10",
            "region": "ap-south-1"
          },
          "private": "eyJlMmJmYjczMC1lY2FhLTExZTYtOGY4OC0zNDM2M2JjN2M0YzAiOnsiY3JlYXRlIjoxMjAwMDAwMDAwMDAwLCJkZWxldGUiOjM2MDAwMDAwMDAwMDAsInJlYWQiOjEyMDAwMDAwMDAwMDAsInVwZGF0ZSI6MTIwMDAwMDAwMDAwMH19"
        }
      ]
    }
  ],
  "check_results": null
}
